
Microsoft Visual Studio Solution File, Format Version 12.00
# Visual Studio Version 16
VisualStudioVersion = 16.0.30517.126
MinimumVisualStudioVersion = 10.0.40219.1
Project("{FAE04EC0-301F-11D3-BF4B-00C04F79EFBC}") = "StarCitizenAPIWrapper.Library", "StarCitizenAPIWrapper.Library\StarCitizenAPIWrapper.Library.csproj", "{C65BC799-583A-44AB-9153-E20BC06EE739}"
EndProject
Project("{FAE04EC0-301F-11D3-BF4B-00C04F79EFBC}") = "StarCitizenAPIWrapper.Models", "StarCitizenAPIWrapper.Models\StarCitizenAPIWrapper.Models.csproj", "{A367DFC1-AD3F-4550-B930-1EE1E026A6FC}"
EndProject
Global
	GlobalSection(SolutionConfigurationPlatforms) = preSolution
		Debug|Any CPU = Debug|Any CPU
		Release|Any CPU = Release|Any CPU
	EndGlobalSection
	GlobalSection(ProjectConfigurationPlatforms) = postSolution
		{C65BC799-583A-44AB-9153-E20BC06EE739}.Debug|Any CPU.ActiveCfg = Debug|Any CPU
		{C65BC799-583A-44AB-9153-E20BC06EE739}.Debug|Any CPU.Build.0 = Debug|Any CPU
		{C65BC799-583A-44AB-9153-E20BC06EE739}.Release|Any CPU.ActiveCfg = Release|Any CPU
		{C65BC799-583A-44AB-9153-E20BC06EE739}.Release|Any CPU.Build.0 = Release|Any CPU
		{A367DFC1-AD3F-4550-B930-1EE1E026A6FC}.Debug|Any CPU.ActiveCfg = Debug|Any CPU
		{A367DFC1-AD3F-4550-B930-1EE1E026A6FC}.Debug|Any CPU.Build.0 = Debug|Any CPU
		{A367DFC1-AD3F-4550-B930-1EE1E026A6FC}.Release|Any CPU.ActiveCfg = Release|Any CPU
		{A367DFC1-AD3F-4550-B930-1EE1E026A6FC}.Release|Any CPU.Build.0 = Release|Any CPU
	EndGlobalSection
	GlobalSection(SolutionProperties) = preSolution
		HideSolutionNode = FALSE
	EndGlobalSection
	GlobalSection(ExtensibilityGlobals) = postSolution
		SolutionGuid = {B6E2FB79-080F-4EE9-858F-18191060AB2F}
	EndGlobalSection
EndGlobal
